# This file is autogenerated, do not edit; changes may be undone by the next 'dep ensure'.


[[projects]]
  branch = "master"
  name = "github.com/HcashOrg/bliss"
  packages = [
    ".",
    "huffman",
    "params",
    "poly",
    "sampler"
  ]
  revision = "f5d53c2a9b7d05ffa1600cad036d3d51dd5423cc"

[[projects]]
  branch = "master"
  name = "github.com/HcashOrg/hcd"
  packages = [
    "blockchain/stake",
    "blockchain/stake/internal/dbnamespace",
    "blockchain/stake/internal/ticketdb",
    "blockchain/stake/internal/tickettreap",
    "chaincfg",
    "chaincfg/chainec",
    "chaincfg/chainhash",
    "crypto",
    "crypto/bliss",
    "database",
    "dcrec/edwards",
    "dcrec/secp256k1",
    "dcrec/secp256k1/schnorr",
    "dcrjson",
    "txscript",
    "wire"
  ]
  revision = "18cc081629f3e5eed9901f127c895a8a82835825"

[[projects]]
  branch = "master"
  name = "github.com/HcashOrg/hcrpcclient"
  packages = ["."]
  revision = "ab4035ccd1248103b82290a76146645c0f6e9e5e"

[[projects]]
  branch = "master"
  name = "github.com/HcashOrg/hcd/hcutil"
  packages = [
    ".",
    "base58"
  ]
  revision = "3744332ddbf115271697b74199630785dc87c474"

[[projects]]
  branch = "master"
  name = "github.com/agl/ed25519"
  packages = [
    ".",
    "edwards25519"
  ]
  revision = "5312a61534124124185d41f09206b9fef1d88403"

[[projects]]
  branch = "master"
  name = "github.com/btcsuite/btclog"
  packages = ["."]
  revision = "84c8d2346e9fc8c7b947e243b9c24e6df9fd206a"

[[projects]]
  branch = "master"
  name = "github.com/btcsuite/go-flags"
  packages = ["."]
  revision = "6c288d648c1cc1befcb90cb5511dcacf64ae8e61"

[[projects]]
  branch = "master"
  name = "github.com/btcsuite/go-socks"
  packages = ["socks"]
  revision = "4720035b7bfd2a9bb130b1c184f8bbe41b6f0d0f"

[[projects]]
  branch = "master"
  name = "github.com/btcsuite/websocket"
  packages = ["."]
  revision = "31079b6807923eb23992c421b114992b95131b55"

[[projects]]
  name = "github.com/dchest/blake256"
  packages = ["."]
  revision = "dee3fe6eb0e98dc774a94fc231f85baf7c29d360"
  version = "v1.0.0"

[[projects]]
  name = "github.com/jrick/logrotate"
  packages = ["rotator"]
  revision = "a93b200c26cbae3bb09dd0dc2c7c7fe1468a034a"
  version = "v1.0.0"

[[projects]]
  branch = "master"
  name = "golang.org/x/crypto"
  packages = [
    "ripemd160",
    "sha3"
  ]
  revision = "a49355c7e3f8fe157a85be2f77e6e269a0f89602"

[solve-meta]
  analyzer-name = "dep"
  analyzer-version = 1
  inputs-digest = "d724993ab35d5f7540a9650f961bf47ed5e56383f3cace3d637c43e65d096f75"
  solver-name = "gps-cdcl"
  solver-version = 1
