# This file is autogenerated, do not edit; changes may be undone by the next 'dep ensure'.


[[projects]]
  branch = "master"
  name = "github.com/HcashOrg/bliss"
  packages = [
    ".",
    "huffman",
    "params",
    "poly",
    "sampler"
  ]
  revision = "f5d53c2a9b7d05ffa1600cad036d3d51dd5423cc"

[[projects]]
  branch = "master"
  name = "github.com/HcashOrg/hcd"
  packages = [
    "blockchain/stake",
    "blockchain/stake/internal/dbnamespace",
    "blockchain/stake/internal/ticketdb",
    "blockchain/stake/internal/tickettreap",
    "chaincfg",
    "chaincfg/chainec",
    "chaincfg/chainhash",
    "crypto",
    "crypto/bliss",
    "database",
    "hcec/edwards",
    "hcec/secp256k1",
    "hcec/secp256k1/schnorr",
    "hcjson",
    "hcutil",
    "hcutil/base58",
    "txscript",
    "wire"
  ]
  revision = "f4e1f9e3ee8b61ef5987205f47efe36499cc575b"

[[projects]]
  branch = "master"
  name = "github.com/HcashOrg/hcrpcclient"
  packages = ["."]
  revision = "90a10418b98085c301c982c309a6ae9709598a3a"

[[projects]]
  branch = "master"
  name = "github.com/agl/ed25519"
  packages = [
    ".",
    "edwards25519"
  ]
  revision = "5312a61534124124185d41f09206b9fef1d88403"

[[projects]]
  branch = "master"
  name = "github.com/btcsuite/btclog"
  packages = ["."]
  revision = "84c8d2346e9fc8c7b947e243b9c24e6df9fd206a"

[[projects]]
  branch = "master"
  name = "github.com/btcsuite/go-flags"
  packages = ["."]
  revision = "6c288d648c1cc1befcb90cb5511dcacf64ae8e61"

[[projects]]
  branch = "master"
  name = "github.com/btcsuite/go-socks"
  packages = ["socks"]
  revision = "4720035b7bfd2a9bb130b1c184f8bbe41b6f0d0f"

[[projects]]
  branch = "master"
  name = "github.com/btcsuite/websocket"
  packages = ["."]
  revision = "31079b6807923eb23992c421b114992b95131b55"

[[projects]]
  name = "github.com/dchest/blake256"
  packages = ["."]
  revision = "dee3fe6eb0e98dc774a94fc231f85baf7c29d360"
  version = "v1.0.0"

[[projects]]
  name = "github.com/jrick/logrotate"
  packages = ["rotator"]
  revision = "a93b200c26cbae3bb09dd0dc2c7c7fe1468a034a"
  version = "v1.0.0"

[[projects]]
  branch = "master"
  name = "golang.org/x/crypto"
  packages = [
    "ripemd160",
    "sha3"
  ]
  revision = "aabede6cba87e37f413b3e60ebfc214f8eeca1b0"

[solve-meta]
  analyzer-name = "dep"
  analyzer-version = 1
  inputs-digest = "bfd946bd0eab06babd196b3d0bd7447649debd71efd04d223c2cd4a09bbd479a"
  solver-name = "gps-cdcl"
  solver-version = 1
